<?xml version="1.0" encoding="utf-8"?>
<Project ToolsVersion="4.0" xmlns="http://schemas.microsoft.com/developer/msbuild/2003">
  <ItemGroup>
    <Filter Include="PhysXManager">
      <UniqueIdentifier>{60b69252-c3e6-4461-8d70-7cbc2c4727d9}</UniqueIdentifier>
    </Filter>
  </ItemGroup>
  <ItemGroup>
    <ClCompile Include="PhysXManager\PhysXManager.cpp">
      <Filter>PhysXManager</Filter>
    </ClCompile>
  </ItemGroup>
  <ItemGroup>
    <ClInclude Include="PhysXManager\PhysXManager.h">
      <Filter>PhysXManager</Filter>
    </ClInclude>
  </ItemGroup>
</Project>