<?xml version="1.0" encoding="utf-8"?>
<Project ToolsVersion="4.0" xmlns="http://schemas.microsoft.com/developer/msbuild/2003">
  <ItemGroup>
    <ClCompile Include="Engine\UABEngine.cpp">
      <Filter>Engine</Filter>
    </ClCompile>
    <ClCompile Include="InputManager\InputManager.cpp">
      <Filter>InputManager</Filter>
    </ClCompile>
    <ClCompile Include="DebugHelper\DebugHelper.cpp">
      <Filter>DebugHelper</Filter>
    </ClCompile>
    <ClCompile Include="DebugHelper\DebugHelperImplementation.cpp">
      <Filter>DebugHelper</Filter>
    </ClCompile>
    <ClCompile Include="IA\AStar.cpp">
      <Filter>AI</Filter>
    </ClCompile>
    <ClCompile Include="ScriptManager\ScriptManager.cpp">
      <Filter>ScriptManager</Filter>
    </ClCompile>
    <ClCompile Include="LevelManager\LevelManager.cpp">
      <Filter>LevelManager</Filter>
    </ClCompile>
    <ClCompile Include="InputManager\KeyboardInput.cpp">
      <Filter>InputManager</Filter>
    </ClCompile>
  </ItemGroup>
  <ItemGroup>
    <ClInclude Include="Engine\UABEngine.h">
      <Filter>Engine</Filter>
    </ClInclude>
    <ClInclude Include="InputManager\InputManager.h">
      <Filter>InputManager</Filter>
    </ClInclude>
    <ClInclude Include="DebugHelper\DebugHelperImplementation.h">
      <Filter>DebugHelper</Filter>
    </ClInclude>
    <ClInclude Include="DebugHelper\DebugHelper.h">
      <Filter>DebugHelper</Filter>
    </ClInclude>
    <ClInclude Include="ScriptManager\ScriptManager.h">
      <Filter>ScriptManager</Filter>
    </ClInclude>
    <ClInclude Include="LevelManager\LevelManager.h">
      <Filter>LevelManager</Filter>
    </ClInclude>
    <ClInclude Include="InputManager\KeyboardInput.h">
      <Filter>InputManager</Filter>
    </ClInclude>
    <ClInclude Include="IA\AStar.h">
      <Filter>AI</Filter>
    </ClInclude>
  </ItemGroup>
  <ItemGroup>
    <Filter Include="Engine">
      <UniqueIdentifier>{edf2ed55-ae70-4aa7-a367-c27cd882dd51}</UniqueIdentifier>
    </Filter>
    <Filter Include="InputManager">
      <UniqueIdentifier>{00dc7af4-a031-4dd6-b9f9-ac3db48f7001}</UniqueIdentifier>
    </Filter>
    <Filter Include="ScriptManager">
      <UniqueIdentifier>{176bee89-660d-4925-8990-3ea2554dfce9}</UniqueIdentifier>
    </Filter>
    <Filter Include="DebugHelper">
      <UniqueIdentifier>{5327097c-2cd6-4b2b-bf3f-f3b1fd5d53d1}</UniqueIdentifier>
    </Filter>
    <Filter Include="AI">
      <UniqueIdentifier>{d41f5a47-d204-4c4e-9a55-2938cd452ca0}</UniqueIdentifier>
    </Filter>
    <Filter Include="LevelManager">
      <UniqueIdentifier>{57cf4ffa-0bd9-4da7-8bec-db41fbc0607a}</UniqueIdentifier>
    </Filter>
  </ItemGroup>
</Project>