<?xml version="1.0" encoding="utf-8"?>
<Project ToolsVersion="4.0" xmlns="http://schemas.microsoft.com/developer/msbuild/2003">
  <ItemGroup>
    <ClCompile Include="ContextManager.cpp">
      <Filter>ContextManager</Filter>
    </ClCompile>
    <ClCompile Include="DebugRender.cpp" />
    <ClCompile Include="Texture.cpp">
      <Filter>Texture</Filter>
    </ClCompile>
    <ClCompile Include="TextureManager.cpp">
      <Filter>Texture</Filter>
    </ClCompile>
    <ClCompile Include="Dummy.cpp">
      <Filter>Texture</Filter>
    </ClCompile>
    <ClCompile Include="C3DElement.cpp">
      <Filter>3DElement</Filter>
    </ClCompile>
    <ClCompile Include="Material.cpp">
      <Filter>Materials</Filter>
    </ClCompile>
    <ClCompile Include="MaterialManager.cpp">
      <Filter>Materials</Filter>
    </ClCompile>
    <ClCompile Include="EffectManager.cpp">
      <Filter>Effects</Filter>
    </ClCompile>
    <ClCompile Include="EffectTechnique.cpp">
      <Filter>Effects</Filter>
    </ClCompile>
    <ClCompile Include="EffectShader.cpp">
      <Filter>Effects</Filter>
    </ClCompile>
    <ClCompile Include="CameraController.cpp">
      <Filter>Camera</Filter>
    </ClCompile>
    <ClCompile Include="Frustum.cpp">
      <Filter>Camera</Filter>
    </ClCompile>
    <ClCompile Include="SphericalCameraController.cpp">
      <Filter>Camera</Filter>
    </ClCompile>
    <ClCompile Include="FPSCameraController.cpp">
      <Filter>Camera</Filter>
    </ClCompile>
    <ClCompile Include="StaticMeshManager.cpp">
      <Filter>StaticMesh</Filter>
    </ClCompile>
    <ClCompile Include="StaticMesh.cpp">
      <Filter>StaticMesh</Filter>
    </ClCompile>
    <ClCompile Include="RenderableObjectManager.cpp">
      <Filter>RenderableObjects</Filter>
    </ClCompile>
    <ClCompile Include="InstanceMesh.cpp">
      <Filter>StaticMesh</Filter>
    </ClCompile>
    <ClCompile Include="RenderManager.cpp">
      <Filter>RenderManager</Filter>
    </ClCompile>
  </ItemGroup>
  <ItemGroup>
    <Filter Include="ContextManager">
      <UniqueIdentifier>{49dc92e7-f305-4eb8-8258-14aa45916baa}</UniqueIdentifier>
    </Filter>
    <Filter Include="Texture">
      <UniqueIdentifier>{8ec2d701-2663-4d3d-a80c-61e7a0f90548}</UniqueIdentifier>
    </Filter>
    <Filter Include="3DElement">
      <UniqueIdentifier>{761a5bbe-16ee-4a69-a9fa-812593dd2d14}</UniqueIdentifier>
    </Filter>
    <Filter Include="Materials">
      <UniqueIdentifier>{13c97827-a09e-410b-afb0-9a2ccdc7640f}</UniqueIdentifier>
    </Filter>
    <Filter Include="Effects">
      <UniqueIdentifier>{08482cbc-fdf2-43ee-bc54-3384f2119d7e}</UniqueIdentifier>
    </Filter>
    <Filter Include="Camera">
      <UniqueIdentifier>{60e3e005-63ad-4677-aad9-b589e93e504f}</UniqueIdentifier>
    </Filter>
    <Filter Include="RenderableObjects">
      <UniqueIdentifier>{f98aa82c-805b-49ed-a2bd-de372a59bfc3}</UniqueIdentifier>
    </Filter>
    <Filter Include="StaticMesh">
      <UniqueIdentifier>{3be6c0a7-cfa8-4b68-a643-c291d3311b4f}</UniqueIdentifier>
    </Filter>
    <Filter Include="RenderManager">
      <UniqueIdentifier>{8b4cfb7f-482d-4a4e-90b9-db98ea0b92ad}</UniqueIdentifier>
    </Filter>
  </ItemGroup>
  <ItemGroup>
    <ClInclude Include="ContextManager.h">
      <Filter>ContextManager</Filter>
    </ClInclude>
    <ClInclude Include="DebugRender.h" />
    <ClInclude Include="Texture.h">
      <Filter>Texture</Filter>
    </ClInclude>
    <ClInclude Include="TextureManager.h">
      <Filter>Texture</Filter>
    </ClInclude>
    <ClInclude Include="C3DElement.h">
      <Filter>3DElement</Filter>
    </ClInclude>
    <ClInclude Include="Material.h">
      <Filter>Materials</Filter>
    </ClInclude>
    <ClInclude Include="MaterialManager.h">
      <Filter>Materials</Filter>
    </ClInclude>
    <ClInclude Include="EffectParameters.h">
      <Filter>Effects</Filter>
    </ClInclude>
    <ClInclude Include="EffectManager.h">
      <Filter>Effects</Filter>
    </ClInclude>
    <ClInclude Include="resource.h" />
    <ClInclude Include="EffectTechnique.h">
      <Filter>Effects</Filter>
    </ClInclude>
    <ClInclude Include="EffectShader.h">
      <Filter>Effects</Filter>
    </ClInclude>
    <ClInclude Include="CameraController.h">
      <Filter>Camera</Filter>
    </ClInclude>
    <ClInclude Include="Camera.h">
      <Filter>Camera</Filter>
    </ClInclude>
    <ClInclude Include="Frustum.h">
      <Filter>Camera</Filter>
    </ClInclude>
    <ClInclude Include="SphericalCameraController.h">
      <Filter>Camera</Filter>
    </ClInclude>
    <ClInclude Include="FPSCameraController.h">
      <Filter>Camera</Filter>
    </ClInclude>
    <ClInclude Include="RenderableObject.h">
      <Filter>RenderableObjects</Filter>
    </ClInclude>
    <ClInclude Include="RenderableVertexs.h">
      <Filter>RenderableObjects</Filter>
    </ClInclude>
    <ClInclude Include="StaticMeshManager.h">
      <Filter>StaticMesh</Filter>
    </ClInclude>
    <ClInclude Include="StaticMesh.h">
      <Filter>StaticMesh</Filter>
    </ClInclude>
    <ClInclude Include="RenderableObjectManager.h">
      <Filter>RenderableObjects</Filter>
    </ClInclude>
    <ClInclude Include="VertexTypes.h">
      <Filter>RenderableObjects</Filter>
    </ClInclude>
    <ClInclude Include="InstanceMesh.h">
      <Filter>StaticMesh</Filter>
    </ClInclude>
    <ClInclude Include="Effect.h">
      <Filter>Effects</Filter>
    </ClInclude>
    <ClInclude Include="RenderManager.h">
      <Filter>RenderManager</Filter>
    </ClInclude>
    <ClInclude Include="TemplatedRenderableVertexs.h">
      <Filter>RenderableObjects</Filter>
    </ClInclude>
    <ClInclude Include="TemplatedRenderableIndexedVertexs.h">
      <Filter>RenderableObjects</Filter>
    </ClInclude>
  </ItemGroup>
  <ItemGroup>
    <ResourceCompile Include="Graphics.rc" />
  </ItemGroup>
</Project>