<?xml version="1.0" encoding="utf-8"?>
<Project ToolsVersion="4.0" xmlns="http://schemas.microsoft.com/developer/msbuild/2003">
  <ItemGroup>
    <ClCompile Include="dummy.cpp" />
    <ClCompile Include="ContextManagerD3D.cpp">
      <Filter>ContextManagerD3D</Filter>
    </ClCompile>
  </ItemGroup>
  <ItemGroup>
    <Filter Include="ContextManagerD3D">
      <UniqueIdentifier>{fea00f39-e3ec-4e8d-a75d-602f5660521f}</UniqueIdentifier>
    </Filter>
  </ItemGroup>
  <ItemGroup>
    <ClInclude Include="ContextManagerD3D.h">
      <Filter>ContextManagerD3D</Filter>
    </ClInclude>
  </ItemGroup>
</Project>