<?xml version="1.0" encoding="utf-8"?>
<Project ToolsVersion="4.0" xmlns="http://schemas.microsoft.com/developer/msbuild/2003">
  <ItemGroup>
    <ClCompile Include="ContextManager.cpp">
      <Filter>ContextManager</Filter>
    </ClCompile>
    <ClCompile Include="CameraController.cpp" />
    <ClCompile Include="DebugRender.cpp" />
    <ClCompile Include="Frustum.cpp" />
    <ClCompile Include="SphericalCameraController.cpp" />
    <ClCompile Include="FPSCameraController.cpp" />
  </ItemGroup>
  <ItemGroup>
    <Filter Include="ContextManager">
      <UniqueIdentifier>{49dc92e7-f305-4eb8-8258-14aa45916baa}</UniqueIdentifier>
    </Filter>
  </ItemGroup>
  <ItemGroup>
    <ClInclude Include="ContextManager.h">
      <Filter>ContextManager</Filter>
    </ClInclude>
    <ClInclude Include="Camera.h" />
    <ClInclude Include="CameraController.h" />
    <ClInclude Include="DebugRender.h" />
    <ClInclude Include="Effect.h" />
    <ClInclude Include="Frustum.h" />
    <ClInclude Include="RenderableVertexs.h" />
    <ClInclude Include="SphericalCameraController.h" />
    <ClInclude Include="VertexTypes.h" />
    <ClInclude Include="FPSCameraController.h" />
  </ItemGroup>
</Project>