
Microsoft Visual Studio Solution File, Format Version 11.00
# Visual Studio 2010
Project("{2150E333-8FDC-42A3-9474-1A3956D46DE8}") = "Engine", "Engine", "{BB47EFCD-C73D-4442-B00F-B801520EDBCE}"
EndProject
Project("{2150E333-8FDC-42A3-9474-1A3956D46DE8}") = "Game", "Game", "{128B05C8-768F-4504-A0E8-1FC426D30D73}"
EndProject
Project("{2150E333-8FDC-42A3-9474-1A3956D46DE8}") = "Tools", "Tools", "{124440ED-9FE0-46D9-8260-EFE57E44CED6}"
EndProject
Project("{8BC9CEB8-8B4A-11D0-8D11-00A0C91BC942}") = "Videogame", "Videogame\Videogame.vcxproj", "{E7F70A58-36D4-44A5-B57C-70D494AE375D}"
EndProject
Project("{8BC9CEB8-8B4A-11D0-8D11-00A0C91BC942}") = "Core", "Core\Core.vcxproj", "{77B0C728-54BB-429B-925A-3F8CB72784F9}"
EndProject
Project("{8BC9CEB8-8B4A-11D0-8D11-00A0C91BC942}") = "Base", "Base\Base.vcxproj", "{69430B34-6C84-44A0-896C-24E980D9B718}"
EndProject
Project("{8BC9CEB8-8B4A-11D0-8D11-00A0C91BC942}") = "Graphics", "Graphics\Graphics.vcxproj", "{31F7443F-B43C-4D38-931C-FAC7C771EF91}"
EndProject
Project("{8BC9CEB8-8B4A-11D0-8D11-00A0C91BC942}") = "GUI", "GUI\GUI.vcxproj", "{143D2636-2E2A-469A-97F5-878EFC7A2A26}"
EndProject
Project("{8BC9CEB8-8B4A-11D0-8D11-00A0C91BC942}") = "Network", "Network\Network.vcxproj", "{A0BD2C2B-5C98-4A93-AD7D-987E20E45ABC}"
EndProject
Project("{8BC9CEB8-8B4A-11D0-8D11-00A0C91BC942}") = "PhysX", "PhysX\PhysX.vcxproj", "{F2C44BBF-5192-4D26-9498-7236F01A3480}"
EndProject
Project("{8BC9CEB8-8B4A-11D0-8D11-00A0C91BC942}") = "Sound", "Sound\Sound.vcxproj", "{4B6544F4-2FDB-40B7-9BF0-7CD6ECE063A0}"
EndProject
Project("{8BC9CEB8-8B4A-11D0-8D11-00A0C91BC942}") = "Test", "Test\Test.vcxproj", "{B53F0F8F-BD45-4174-8F61-C23856AB4845}"
	ProjectSection(ProjectDependencies) = postProject
		{77B0C728-54BB-429B-925A-3F8CB72784F9} = {77B0C728-54BB-429B-925A-3F8CB72784F9}
		{A0BD2C2B-5C98-4A93-AD7D-987E20E45ABC} = {A0BD2C2B-5C98-4A93-AD7D-987E20E45ABC}
		{69430B34-6C84-44A0-896C-24E980D9B718} = {69430B34-6C84-44A0-896C-24E980D9B718}
		{143D2636-2E2A-469A-97F5-878EFC7A2A26} = {143D2636-2E2A-469A-97F5-878EFC7A2A26}
		{31F7443F-B43C-4D38-931C-FAC7C771EF91} = {31F7443F-B43C-4D38-931C-FAC7C771EF91}
		{F2C44BBF-5192-4D26-9498-7236F01A3480} = {F2C44BBF-5192-4D26-9498-7236F01A3480}
		{4B6544F4-2FDB-40B7-9BF0-7CD6ECE063A0} = {4B6544F4-2FDB-40B7-9BF0-7CD6ECE063A0}
	EndProjectSection
EndProject
Global
	GlobalSection(SolutionConfigurationPlatforms) = preSolution
		Debug|Win32 = Debug|Win32
		Release|Win32 = Release|Win32
	EndGlobalSection
	GlobalSection(ProjectConfigurationPlatforms) = postSolution
		{E7F70A58-36D4-44A5-B57C-70D494AE375D}.Debug|Win32.ActiveCfg = Debug|Win32
		{E7F70A58-36D4-44A5-B57C-70D494AE375D}.Debug|Win32.Build.0 = Debug|Win32
		{E7F70A58-36D4-44A5-B57C-70D494AE375D}.Release|Win32.ActiveCfg = Release|Win32
		{E7F70A58-36D4-44A5-B57C-70D494AE375D}.Release|Win32.Build.0 = Release|Win32
		{77B0C728-54BB-429B-925A-3F8CB72784F9}.Debug|Win32.ActiveCfg = Debug|Win32
		{77B0C728-54BB-429B-925A-3F8CB72784F9}.Debug|Win32.Build.0 = Debug|Win32
		{77B0C728-54BB-429B-925A-3F8CB72784F9}.Release|Win32.ActiveCfg = Release|Win32
		{77B0C728-54BB-429B-925A-3F8CB72784F9}.Release|Win32.Build.0 = Release|Win32
		{69430B34-6C84-44A0-896C-24E980D9B718}.Debug|Win32.ActiveCfg = Debug|Win32
		{69430B34-6C84-44A0-896C-24E980D9B718}.Debug|Win32.Build.0 = Debug|Win32
		{69430B34-6C84-44A0-896C-24E980D9B718}.Release|Win32.ActiveCfg = Release|Win32
		{69430B34-6C84-44A0-896C-24E980D9B718}.Release|Win32.Build.0 = Release|Win32
		{31F7443F-B43C-4D38-931C-FAC7C771EF91}.Debug|Win32.ActiveCfg = Debug|Win32
		{31F7443F-B43C-4D38-931C-FAC7C771EF91}.Debug|Win32.Build.0 = Debug|Win32
		{31F7443F-B43C-4D38-931C-FAC7C771EF91}.Release|Win32.ActiveCfg = Release|Win32
		{31F7443F-B43C-4D38-931C-FAC7C771EF91}.Release|Win32.Build.0 = Release|Win32
		{143D2636-2E2A-469A-97F5-878EFC7A2A26}.Debug|Win32.ActiveCfg = Debug|Win32
		{143D2636-2E2A-469A-97F5-878EFC7A2A26}.Debug|Win32.Build.0 = Debug|Win32
		{143D2636-2E2A-469A-97F5-878EFC7A2A26}.Release|Win32.ActiveCfg = Release|Win32
		{143D2636-2E2A-469A-97F5-878EFC7A2A26}.Release|Win32.Build.0 = Release|Win32
		{A0BD2C2B-5C98-4A93-AD7D-987E20E45ABC}.Debug|Win32.ActiveCfg = Debug|Win32
		{A0BD2C2B-5C98-4A93-AD7D-987E20E45ABC}.Debug|Win32.Build.0 = Debug|Win32
		{A0BD2C2B-5C98-4A93-AD7D-987E20E45ABC}.Release|Win32.ActiveCfg = Release|Win32
		{A0BD2C2B-5C98-4A93-AD7D-987E20E45ABC}.Release|Win32.Build.0 = Release|Win32
		{F2C44BBF-5192-4D26-9498-7236F01A3480}.Debug|Win32.ActiveCfg = Debug|Win32
		{F2C44BBF-5192-4D26-9498-7236F01A3480}.Debug|Win32.Build.0 = Debug|Win32
		{F2C44BBF-5192-4D26-9498-7236F01A3480}.Release|Win32.ActiveCfg = Release|Win32
		{F2C44BBF-5192-4D26-9498-7236F01A3480}.Release|Win32.Build.0 = Release|Win32
		{4B6544F4-2FDB-40B7-9BF0-7CD6ECE063A0}.Debug|Win32.ActiveCfg = Debug|Win32
		{4B6544F4-2FDB-40B7-9BF0-7CD6ECE063A0}.Debug|Win32.Build.0 = Debug|Win32
		{4B6544F4-2FDB-40B7-9BF0-7CD6ECE063A0}.Release|Win32.ActiveCfg = Release|Win32
		{4B6544F4-2FDB-40B7-9BF0-7CD6ECE063A0}.Release|Win32.Build.0 = Release|Win32
		{B53F0F8F-BD45-4174-8F61-C23856AB4845}.Debug|Win32.ActiveCfg = Debug|Win32
		{B53F0F8F-BD45-4174-8F61-C23856AB4845}.Debug|Win32.Build.0 = Debug|Win32
		{B53F0F8F-BD45-4174-8F61-C23856AB4845}.Release|Win32.ActiveCfg = Release|Win32
		{B53F0F8F-BD45-4174-8F61-C23856AB4845}.Release|Win32.Build.0 = Release|Win32
	EndGlobalSection
	GlobalSection(SolutionProperties) = preSolution
		HideSolutionNode = FALSE
	EndGlobalSection
	GlobalSection(NestedProjects) = preSolution
		{77B0C728-54BB-429B-925A-3F8CB72784F9} = {BB47EFCD-C73D-4442-B00F-B801520EDBCE}
		{69430B34-6C84-44A0-896C-24E980D9B718} = {BB47EFCD-C73D-4442-B00F-B801520EDBCE}
		{31F7443F-B43C-4D38-931C-FAC7C771EF91} = {BB47EFCD-C73D-4442-B00F-B801520EDBCE}
		{143D2636-2E2A-469A-97F5-878EFC7A2A26} = {BB47EFCD-C73D-4442-B00F-B801520EDBCE}
		{A0BD2C2B-5C98-4A93-AD7D-987E20E45ABC} = {BB47EFCD-C73D-4442-B00F-B801520EDBCE}
		{F2C44BBF-5192-4D26-9498-7236F01A3480} = {BB47EFCD-C73D-4442-B00F-B801520EDBCE}
		{4B6544F4-2FDB-40B7-9BF0-7CD6ECE063A0} = {BB47EFCD-C73D-4442-B00F-B801520EDBCE}
		{E7F70A58-36D4-44A5-B57C-70D494AE375D} = {128B05C8-768F-4504-A0E8-1FC426D30D73}
		{B53F0F8F-BD45-4174-8F61-C23856AB4845} = {128B05C8-768F-4504-A0E8-1FC426D30D73}
	EndGlobalSection
EndGlobal
