
Microsoft Visual Studio Solution File, Format Version 12.00
# Visual Studio 2013
VisualStudioVersion = 12.0.40629.0
MinimumVisualStudioVersion = 10.0.40219.1
Project("{2150E333-8FDC-42A3-9474-1A3956D46DE8}") = "Engine", "Engine", "{BB47EFCD-C73D-4442-B00F-B801520EDBCE}"
EndProject
Project("{2150E333-8FDC-42A3-9474-1A3956D46DE8}") = "Game", "Game", "{128B05C8-768F-4504-A0E8-1FC426D30D73}"
EndProject
Project("{2150E333-8FDC-42A3-9474-1A3956D46DE8}") = "Tools", "Tools", "{124440ED-9FE0-46D9-8260-EFE57E44CED6}"
EndProject
Project("{8BC9CEB8-8B4A-11D0-8D11-00A0C91BC942}") = "Videogame", "Videogame\Videogame.vcxproj", "{E7F70A58-36D4-44A5-B57C-70D494AE375D}"
EndProject
Project("{8BC9CEB8-8B4A-11D0-8D11-00A0C91BC942}") = "Core", "Core\Core.vcxproj", "{77B0C728-54BB-429B-925A-3F8CB72784F9}"
	ProjectSection(ProjectDependencies) = postProject
		{69430B34-6C84-44A0-896C-24E980D9B718} = {69430B34-6C84-44A0-896C-24E980D9B718}
		{F2C44BBF-5192-4D26-9498-7236F01A3480} = {F2C44BBF-5192-4D26-9498-7236F01A3480}
	EndProjectSection
EndProject
Project("{8BC9CEB8-8B4A-11D0-8D11-00A0C91BC942}") = "Base", "Base\Base.vcxproj", "{69430B34-6C84-44A0-896C-24E980D9B718}"
EndProject
Project("{8BC9CEB8-8B4A-11D0-8D11-00A0C91BC942}") = "Graphics", "Graphics\Graphics.vcxproj", "{31F7443F-B43C-4D38-931C-FAC7C771EF91}"
	ProjectSection(ProjectDependencies) = postProject
		{77B0C728-54BB-429B-925A-3F8CB72784F9} = {77B0C728-54BB-429B-925A-3F8CB72784F9}
	EndProjectSection
EndProject
Project("{8BC9CEB8-8B4A-11D0-8D11-00A0C91BC942}") = "GUI", "GUI\GUI.vcxproj", "{143D2636-2E2A-469A-97F5-878EFC7A2A26}"
EndProject
Project("{8BC9CEB8-8B4A-11D0-8D11-00A0C91BC942}") = "Network", "Network\Network.vcxproj", "{A0BD2C2B-5C98-4A93-AD7D-987E20E45ABC}"
EndProject
Project("{8BC9CEB8-8B4A-11D0-8D11-00A0C91BC942}") = "PhysX", "PhysX\PhysX.vcxproj", "{F2C44BBF-5192-4D26-9498-7236F01A3480}"
EndProject
Project("{8BC9CEB8-8B4A-11D0-8D11-00A0C91BC942}") = "Sound", "Sound\Sound.vcxproj", "{4B6544F4-2FDB-40B7-9BF0-7CD6ECE063A0}"
EndProject
Project("{8BC9CEB8-8B4A-11D0-8D11-00A0C91BC942}") = "Test", "Test\Test.vcxproj", "{B53F0F8F-BD45-4174-8F61-C23856AB4845}"
	ProjectSection(ProjectDependencies) = postProject
		{77B0C728-54BB-429B-925A-3F8CB72784F9} = {77B0C728-54BB-429B-925A-3F8CB72784F9}
		{A0BD2C2B-5C98-4A93-AD7D-987E20E45ABC} = {A0BD2C2B-5C98-4A93-AD7D-987E20E45ABC}
		{69430B34-6C84-44A0-896C-24E980D9B718} = {69430B34-6C84-44A0-896C-24E980D9B718}
		{143D2636-2E2A-469A-97F5-878EFC7A2A26} = {143D2636-2E2A-469A-97F5-878EFC7A2A26}
		{31F7443F-B43C-4D38-931C-FAC7C771EF91} = {31F7443F-B43C-4D38-931C-FAC7C771EF91}
		{F2C44BBF-5192-4D26-9498-7236F01A3480} = {F2C44BBF-5192-4D26-9498-7236F01A3480}
		{4B6544F4-2FDB-40B7-9BF0-7CD6ECE063A0} = {4B6544F4-2FDB-40B7-9BF0-7CD6ECE063A0}
	EndProjectSection
EndProject
Project("{8BC9CEB8-8B4A-11D0-8D11-00A0C91BC942}") = "VideogameTest", "VideogameTest\VideogameTest.vcxproj", "{9ACCE451-1BB6-4621-BBCF-9A11AF9ADE44}"
	ProjectSection(ProjectDependencies) = postProject
		{209A2A97-A786-41E1-9CA4-906B36EED6B8} = {209A2A97-A786-41E1-9CA4-906B36EED6B8}
		{B99E1FA1-C30A-45F2-9D57-9E9C21B2DF42} = {B99E1FA1-C30A-45F2-9D57-9E9C21B2DF42}
		{09B805A4-13DB-4A24-8E3A-386DAD319399} = {09B805A4-13DB-4A24-8E3A-386DAD319399}
		{CE4A97C6-13ED-10F3-DD9F-C06808B21BFE} = {CE4A97C6-13ED-10F3-DD9F-C06808B21BFE}
	EndProjectSection
EndProject
Project("{2150E333-8FDC-42A3-9474-1A3956D46DE8}") = "3rdParty", "3rdParty", "{DC62A030-424F-4F52-A237-443505E82B2A}"
EndProject
Project("{8BC9CEB8-8B4A-11D0-8D11-00A0C91BC942}") = "AntTweakBar", "3rdParty\AntTweakBar\AntTweakBar.vcxproj", "{B99E1FA1-C30A-45F2-9D57-9E9C21B2DF42}"
EndProject
Project("{8BC9CEB8-8B4A-11D0-8D11-00A0C91BC942}") = "cal3d", "3rdParty\cal3d-0.11rc2\src\cal3d\cal3d.vcxproj", "{CE4A97C6-13ED-10F3-DD9F-C06808B21BFE}"
EndProject
Project("{8BC9CEB8-8B4A-11D0-8D11-00A0C91BC942}") = "Lua", "3rdParty\Lua\Lua.vcxproj", "{209A2A97-A786-41E1-9CA4-906B36EED6B8}"
EndProject
Project("{8BC9CEB8-8B4A-11D0-8D11-00A0C91BC942}") = "luabind", "3rdParty\luabind\luabind.vcxproj", "{09B805A4-13DB-4A24-8E3A-386DAD319399}"
EndProject
Global
	GlobalSection(SolutionConfigurationPlatforms) = preSolution
		Debug|Win32 = Debug|Win32
		Debug|x64 = Debug|x64
		Debug13|Win32 = Debug13|Win32
		Debug13|x64 = Debug13|x64
		Release|Win32 = Release|Win32
		Release|x64 = Release|x64
	EndGlobalSection
	GlobalSection(ProjectConfigurationPlatforms) = postSolution
		{E7F70A58-36D4-44A5-B57C-70D494AE375D}.Debug|Win32.ActiveCfg = Debug|Win32
		{E7F70A58-36D4-44A5-B57C-70D494AE375D}.Debug|Win32.Build.0 = Debug|Win32
		{E7F70A58-36D4-44A5-B57C-70D494AE375D}.Debug|x64.ActiveCfg = Debug|Win32
		{E7F70A58-36D4-44A5-B57C-70D494AE375D}.Debug13|Win32.ActiveCfg = Debug|Win32
		{E7F70A58-36D4-44A5-B57C-70D494AE375D}.Debug13|x64.ActiveCfg = Debug|Win32
		{E7F70A58-36D4-44A5-B57C-70D494AE375D}.Release|Win32.ActiveCfg = Release|Win32
		{E7F70A58-36D4-44A5-B57C-70D494AE375D}.Release|Win32.Build.0 = Release|Win32
		{E7F70A58-36D4-44A5-B57C-70D494AE375D}.Release|x64.ActiveCfg = Release|Win32
		{77B0C728-54BB-429B-925A-3F8CB72784F9}.Debug|Win32.ActiveCfg = Debug|Win32
		{77B0C728-54BB-429B-925A-3F8CB72784F9}.Debug|Win32.Build.0 = Debug|Win32
		{77B0C728-54BB-429B-925A-3F8CB72784F9}.Debug|x64.ActiveCfg = Debug|Win32
		{77B0C728-54BB-429B-925A-3F8CB72784F9}.Debug13|Win32.ActiveCfg = Debug|Win32
		{77B0C728-54BB-429B-925A-3F8CB72784F9}.Debug13|x64.ActiveCfg = Debug|Win32
		{77B0C728-54BB-429B-925A-3F8CB72784F9}.Release|Win32.ActiveCfg = Release|Win32
		{77B0C728-54BB-429B-925A-3F8CB72784F9}.Release|Win32.Build.0 = Release|Win32
		{77B0C728-54BB-429B-925A-3F8CB72784F9}.Release|x64.ActiveCfg = Release|Win32
		{69430B34-6C84-44A0-896C-24E980D9B718}.Debug|Win32.ActiveCfg = Debug|Win32
		{69430B34-6C84-44A0-896C-24E980D9B718}.Debug|Win32.Build.0 = Debug|Win32
		{69430B34-6C84-44A0-896C-24E980D9B718}.Debug|x64.ActiveCfg = Debug|Win32
		{69430B34-6C84-44A0-896C-24E980D9B718}.Debug13|Win32.ActiveCfg = Debug|Win32
		{69430B34-6C84-44A0-896C-24E980D9B718}.Debug13|x64.ActiveCfg = Debug|Win32
		{69430B34-6C84-44A0-896C-24E980D9B718}.Release|Win32.ActiveCfg = Release|Win32
		{69430B34-6C84-44A0-896C-24E980D9B718}.Release|Win32.Build.0 = Release|Win32
		{69430B34-6C84-44A0-896C-24E980D9B718}.Release|x64.ActiveCfg = Release|Win32
		{31F7443F-B43C-4D38-931C-FAC7C771EF91}.Debug|Win32.ActiveCfg = Debug|Win32
		{31F7443F-B43C-4D38-931C-FAC7C771EF91}.Debug|Win32.Build.0 = Debug|Win32
		{31F7443F-B43C-4D38-931C-FAC7C771EF91}.Debug|x64.ActiveCfg = Debug|Win32
		{31F7443F-B43C-4D38-931C-FAC7C771EF91}.Debug13|Win32.ActiveCfg = Debug|Win32
		{31F7443F-B43C-4D38-931C-FAC7C771EF91}.Debug13|x64.ActiveCfg = Debug|Win32
		{31F7443F-B43C-4D38-931C-FAC7C771EF91}.Release|Win32.ActiveCfg = Release|Win32
		{31F7443F-B43C-4D38-931C-FAC7C771EF91}.Release|Win32.Build.0 = Release|Win32
		{31F7443F-B43C-4D38-931C-FAC7C771EF91}.Release|x64.ActiveCfg = Release|Win32
		{143D2636-2E2A-469A-97F5-878EFC7A2A26}.Debug|Win32.ActiveCfg = Debug|Win32
		{143D2636-2E2A-469A-97F5-878EFC7A2A26}.Debug|Win32.Build.0 = Debug|Win32
		{143D2636-2E2A-469A-97F5-878EFC7A2A26}.Debug|x64.ActiveCfg = Debug|Win32
		{143D2636-2E2A-469A-97F5-878EFC7A2A26}.Debug13|Win32.ActiveCfg = Debug|Win32
		{143D2636-2E2A-469A-97F5-878EFC7A2A26}.Debug13|x64.ActiveCfg = Debug|Win32
		{143D2636-2E2A-469A-97F5-878EFC7A2A26}.Release|Win32.ActiveCfg = Release|Win32
		{143D2636-2E2A-469A-97F5-878EFC7A2A26}.Release|Win32.Build.0 = Release|Win32
		{143D2636-2E2A-469A-97F5-878EFC7A2A26}.Release|x64.ActiveCfg = Release|Win32
		{A0BD2C2B-5C98-4A93-AD7D-987E20E45ABC}.Debug|Win32.ActiveCfg = Debug|Win32
		{A0BD2C2B-5C98-4A93-AD7D-987E20E45ABC}.Debug|Win32.Build.0 = Debug|Win32
		{A0BD2C2B-5C98-4A93-AD7D-987E20E45ABC}.Debug|x64.ActiveCfg = Debug|Win32
		{A0BD2C2B-5C98-4A93-AD7D-987E20E45ABC}.Debug13|Win32.ActiveCfg = Debug|Win32
		{A0BD2C2B-5C98-4A93-AD7D-987E20E45ABC}.Debug13|x64.ActiveCfg = Debug|Win32
		{A0BD2C2B-5C98-4A93-AD7D-987E20E45ABC}.Release|Win32.ActiveCfg = Release|Win32
		{A0BD2C2B-5C98-4A93-AD7D-987E20E45ABC}.Release|Win32.Build.0 = Release|Win32
		{A0BD2C2B-5C98-4A93-AD7D-987E20E45ABC}.Release|x64.ActiveCfg = Release|Win32
		{F2C44BBF-5192-4D26-9498-7236F01A3480}.Debug|Win32.ActiveCfg = Debug|Win32
		{F2C44BBF-5192-4D26-9498-7236F01A3480}.Debug|Win32.Build.0 = Debug|Win32
		{F2C44BBF-5192-4D26-9498-7236F01A3480}.Debug|x64.ActiveCfg = Debug|Win32
		{F2C44BBF-5192-4D26-9498-7236F01A3480}.Debug13|Win32.ActiveCfg = Debug|Win32
		{F2C44BBF-5192-4D26-9498-7236F01A3480}.Debug13|x64.ActiveCfg = Debug|Win32
		{F2C44BBF-5192-4D26-9498-7236F01A3480}.Release|Win32.ActiveCfg = Release|Win32
		{F2C44BBF-5192-4D26-9498-7236F01A3480}.Release|Win32.Build.0 = Release|Win32
		{F2C44BBF-5192-4D26-9498-7236F01A3480}.Release|x64.ActiveCfg = Release|Win32
		{4B6544F4-2FDB-40B7-9BF0-7CD6ECE063A0}.Debug|Win32.ActiveCfg = Debug|Win32
		{4B6544F4-2FDB-40B7-9BF0-7CD6ECE063A0}.Debug|Win32.Build.0 = Debug|Win32
		{4B6544F4-2FDB-40B7-9BF0-7CD6ECE063A0}.Debug|x64.ActiveCfg = Debug|Win32
		{4B6544F4-2FDB-40B7-9BF0-7CD6ECE063A0}.Debug13|Win32.ActiveCfg = Debug|Win32
		{4B6544F4-2FDB-40B7-9BF0-7CD6ECE063A0}.Debug13|x64.ActiveCfg = Debug|Win32
		{4B6544F4-2FDB-40B7-9BF0-7CD6ECE063A0}.Release|Win32.ActiveCfg = Release|Win32
		{4B6544F4-2FDB-40B7-9BF0-7CD6ECE063A0}.Release|Win32.Build.0 = Release|Win32
		{4B6544F4-2FDB-40B7-9BF0-7CD6ECE063A0}.Release|x64.ActiveCfg = Release|Win32
		{B53F0F8F-BD45-4174-8F61-C23856AB4845}.Debug|Win32.ActiveCfg = Debug|Win32
		{B53F0F8F-BD45-4174-8F61-C23856AB4845}.Debug|Win32.Build.0 = Debug|Win32
		{B53F0F8F-BD45-4174-8F61-C23856AB4845}.Debug|x64.ActiveCfg = Debug|Win32
		{B53F0F8F-BD45-4174-8F61-C23856AB4845}.Debug13|Win32.ActiveCfg = Debug|Win32
		{B53F0F8F-BD45-4174-8F61-C23856AB4845}.Debug13|x64.ActiveCfg = Debug|Win32
		{B53F0F8F-BD45-4174-8F61-C23856AB4845}.Release|Win32.ActiveCfg = Release|Win32
		{B53F0F8F-BD45-4174-8F61-C23856AB4845}.Release|Win32.Build.0 = Release|Win32
		{B53F0F8F-BD45-4174-8F61-C23856AB4845}.Release|x64.ActiveCfg = Release|Win32
		{9ACCE451-1BB6-4621-BBCF-9A11AF9ADE44}.Debug|Win32.ActiveCfg = Debug|Win32
		{9ACCE451-1BB6-4621-BBCF-9A11AF9ADE44}.Debug|Win32.Build.0 = Debug|Win32
		{9ACCE451-1BB6-4621-BBCF-9A11AF9ADE44}.Debug|x64.ActiveCfg = Debug|Win32
		{9ACCE451-1BB6-4621-BBCF-9A11AF9ADE44}.Debug13|Win32.ActiveCfg = Debug|Win32
		{9ACCE451-1BB6-4621-BBCF-9A11AF9ADE44}.Debug13|x64.ActiveCfg = Debug|Win32
		{9ACCE451-1BB6-4621-BBCF-9A11AF9ADE44}.Release|Win32.ActiveCfg = Release|Win32
		{9ACCE451-1BB6-4621-BBCF-9A11AF9ADE44}.Release|Win32.Build.0 = Release|Win32
		{9ACCE451-1BB6-4621-BBCF-9A11AF9ADE44}.Release|x64.ActiveCfg = Release|Win32
		{B99E1FA1-C30A-45F2-9D57-9E9C21B2DF42}.Debug|Win32.ActiveCfg = Debug|Win32
		{B99E1FA1-C30A-45F2-9D57-9E9C21B2DF42}.Debug|Win32.Build.0 = Debug|Win32
		{B99E1FA1-C30A-45F2-9D57-9E9C21B2DF42}.Debug|x64.ActiveCfg = Debug|x64
		{B99E1FA1-C30A-45F2-9D57-9E9C21B2DF42}.Debug|x64.Build.0 = Debug|x64
		{B99E1FA1-C30A-45F2-9D57-9E9C21B2DF42}.Debug13|Win32.ActiveCfg = Debug|Win32
		{B99E1FA1-C30A-45F2-9D57-9E9C21B2DF42}.Debug13|x64.ActiveCfg = Debug|x64
		{B99E1FA1-C30A-45F2-9D57-9E9C21B2DF42}.Release|Win32.ActiveCfg = Release|Win32
		{B99E1FA1-C30A-45F2-9D57-9E9C21B2DF42}.Release|Win32.Build.0 = Release|Win32
		{B99E1FA1-C30A-45F2-9D57-9E9C21B2DF42}.Release|x64.ActiveCfg = Release|x64
		{B99E1FA1-C30A-45F2-9D57-9E9C21B2DF42}.Release|x64.Build.0 = Release|x64
		{CE4A97C6-13ED-10F3-DD9F-C06808B21BFE}.Debug|Win32.ActiveCfg = Debug|Win32
		{CE4A97C6-13ED-10F3-DD9F-C06808B21BFE}.Debug|Win32.Build.0 = Debug|Win32
		{CE4A97C6-13ED-10F3-DD9F-C06808B21BFE}.Debug|x64.ActiveCfg = Debug|Win32
		{CE4A97C6-13ED-10F3-DD9F-C06808B21BFE}.Debug13|Win32.ActiveCfg = Debug|Win32
		{CE4A97C6-13ED-10F3-DD9F-C06808B21BFE}.Debug13|x64.ActiveCfg = Debug|Win32
		{CE4A97C6-13ED-10F3-DD9F-C06808B21BFE}.Release|Win32.ActiveCfg = Release|Win32
		{CE4A97C6-13ED-10F3-DD9F-C06808B21BFE}.Release|Win32.Build.0 = Release|Win32
		{CE4A97C6-13ED-10F3-DD9F-C06808B21BFE}.Release|x64.ActiveCfg = Release|Win32
		{209A2A97-A786-41E1-9CA4-906B36EED6B8}.Debug|Win32.ActiveCfg = Debug|Win32
		{209A2A97-A786-41E1-9CA4-906B36EED6B8}.Debug|Win32.Build.0 = Debug|Win32
		{209A2A97-A786-41E1-9CA4-906B36EED6B8}.Debug|x64.ActiveCfg = Debug|Win32
		{209A2A97-A786-41E1-9CA4-906B36EED6B8}.Debug13|Win32.ActiveCfg = Debug|Win32
		{209A2A97-A786-41E1-9CA4-906B36EED6B8}.Debug13|x64.ActiveCfg = Debug|Win32
		{209A2A97-A786-41E1-9CA4-906B36EED6B8}.Release|Win32.ActiveCfg = Release|Win32
		{209A2A97-A786-41E1-9CA4-906B36EED6B8}.Release|Win32.Build.0 = Release|Win32
		{209A2A97-A786-41E1-9CA4-906B36EED6B8}.Release|x64.ActiveCfg = Release|Win32
		{09B805A4-13DB-4A24-8E3A-386DAD319399}.Debug|Win32.ActiveCfg = Debug|Win32
		{09B805A4-13DB-4A24-8E3A-386DAD319399}.Debug|Win32.Build.0 = Debug|Win32
		{09B805A4-13DB-4A24-8E3A-386DAD319399}.Debug|x64.ActiveCfg = Debug|Win32
		{09B805A4-13DB-4A24-8E3A-386DAD319399}.Debug13|Win32.ActiveCfg = Debug|Win32
		{09B805A4-13DB-4A24-8E3A-386DAD319399}.Debug13|x64.ActiveCfg = Debug|Win32
		{09B805A4-13DB-4A24-8E3A-386DAD319399}.Release|Win32.ActiveCfg = Release|Win32
		{09B805A4-13DB-4A24-8E3A-386DAD319399}.Release|Win32.Build.0 = Release|Win32
		{09B805A4-13DB-4A24-8E3A-386DAD319399}.Release|x64.ActiveCfg = Release|Win32
	EndGlobalSection
	GlobalSection(SolutionProperties) = preSolution
		HideSolutionNode = FALSE
	EndGlobalSection
	GlobalSection(NestedProjects) = preSolution
		{E7F70A58-36D4-44A5-B57C-70D494AE375D} = {128B05C8-768F-4504-A0E8-1FC426D30D73}
		{77B0C728-54BB-429B-925A-3F8CB72784F9} = {BB47EFCD-C73D-4442-B00F-B801520EDBCE}
		{69430B34-6C84-44A0-896C-24E980D9B718} = {BB47EFCD-C73D-4442-B00F-B801520EDBCE}
		{31F7443F-B43C-4D38-931C-FAC7C771EF91} = {BB47EFCD-C73D-4442-B00F-B801520EDBCE}
		{143D2636-2E2A-469A-97F5-878EFC7A2A26} = {BB47EFCD-C73D-4442-B00F-B801520EDBCE}
		{A0BD2C2B-5C98-4A93-AD7D-987E20E45ABC} = {BB47EFCD-C73D-4442-B00F-B801520EDBCE}
		{F2C44BBF-5192-4D26-9498-7236F01A3480} = {BB47EFCD-C73D-4442-B00F-B801520EDBCE}
		{4B6544F4-2FDB-40B7-9BF0-7CD6ECE063A0} = {BB47EFCD-C73D-4442-B00F-B801520EDBCE}
		{B53F0F8F-BD45-4174-8F61-C23856AB4845} = {128B05C8-768F-4504-A0E8-1FC426D30D73}
		{9ACCE451-1BB6-4621-BBCF-9A11AF9ADE44} = {128B05C8-768F-4504-A0E8-1FC426D30D73}
		{B99E1FA1-C30A-45F2-9D57-9E9C21B2DF42} = {DC62A030-424F-4F52-A237-443505E82B2A}
		{CE4A97C6-13ED-10F3-DD9F-C06808B21BFE} = {DC62A030-424F-4F52-A237-443505E82B2A}
		{209A2A97-A786-41E1-9CA4-906B36EED6B8} = {DC62A030-424F-4F52-A237-443505E82B2A}
		{09B805A4-13DB-4A24-8E3A-386DAD319399} = {DC62A030-424F-4F52-A237-443505E82B2A}
	EndGlobalSection
EndGlobal
