<?xml version="1.0" encoding="utf-8"?>
<Project ToolsVersion="4.0" xmlns="http://schemas.microsoft.com/developer/msbuild/2003">
  <ItemGroup>
    <ClInclude Include="targetver.h" />
    <ClInclude Include="stdafx.h" />
    <ClInclude Include="Enemies\BossEnemy.h">
      <Filter>Enemies</Filter>
    </ClInclude>
    <ClInclude Include="Enemies\Enemy.h">
      <Filter>Enemies</Filter>
    </ClInclude>
    <ClInclude Include="Enemies\EnemyManager.h">
      <Filter>Enemies</Filter>
    </ClInclude>
    <ClInclude Include="Enemies\FixedEnemy.h">
      <Filter>Enemies</Filter>
    </ClInclude>
    <ClInclude Include="Enemies\PatrolEnemy.h">
      <Filter>Enemies</Filter>
    </ClInclude>
  </ItemGroup>
  <ItemGroup>
    <ClCompile Include="Test.cpp" />
    <ClCompile Include="stdafx.cpp" />
    <ClCompile Include="Enemies\BossEnemy.cpp">
      <Filter>Enemies</Filter>
    </ClCompile>
    <ClCompile Include="Enemies\EnemyManager.cpp">
      <Filter>Enemies</Filter>
    </ClCompile>
    <ClCompile Include="Enemies\FixedEnemy.cpp">
      <Filter>Enemies</Filter>
    </ClCompile>
    <ClCompile Include="Enemies\PatrolEnemy.cpp">
      <Filter>Enemies</Filter>
    </ClCompile>
  </ItemGroup>
  <ItemGroup>
    <Filter Include="Enemies">
      <UniqueIdentifier>{af60e012-4ee2-43dc-b3fb-8d14b35863fb}</UniqueIdentifier>
    </Filter>
  </ItemGroup>
</Project>